
Microsoft Visual Studio Solution File, Format Version 12.00
# Visual Studio Version 16
VisualStudioVersion = 16.0.31613.86
MinimumVisualStudioVersion = 10.0.40219.1
Project("{FAE04EC0-301F-11D3-BF4B-00C04F79EFBC}") = "ServiceMtk-P1-20190140005", "ServiceMtk-P1-20190140005\ServiceMtk-P1-20190140005.csproj", "{1A2871FF-45BE-4993-A28D-1FE38742AEF7}"
EndProject
Global
	GlobalSection(SolutionConfigurationPlatforms) = preSolution
		Debug|Any CPU = Debug|Any CPU
		Release|Any CPU = Release|Any CPU
	EndGlobalSection
	GlobalSection(ProjectConfigurationPlatforms) = postSolution
		{1A2871FF-45BE-4993-A28D-1FE38742AEF7}.Debug|Any CPU.ActiveCfg = Debug|Any CPU
		{1A2871FF-45BE-4993-A28D-1FE38742AEF7}.Debug|Any CPU.Build.0 = Debug|Any CPU
		{1A2871FF-45BE-4993-A28D-1FE38742AEF7}.Release|Any CPU.ActiveCfg = Release|Any CPU
		{1A2871FF-45BE-4993-A28D-1FE38742AEF7}.Release|Any CPU.Build.0 = Release|Any CPU
	EndGlobalSection
	GlobalSection(SolutionProperties) = preSolution
		HideSolutionNode = FALSE
	EndGlobalSection
	GlobalSection(ExtensibilityGlobals) = postSolution
		SolutionGuid = {54A9B5C9-8DCB-4808-B89D-292EAD1B077E}
	EndGlobalSection
EndGlobal
